
Microsoft Visual Studio Solution File, Format Version 12.00
# Visual Studio Version 16
VisualStudioVersion = 16.0.32002.261
MinimumVisualStudioVersion = 10.0.40219.1
Project("{8BC9CEB8-8B4A-11D0-8D11-00A0C91BC942}") = "포인터", "포인터\포인터.vcxproj", "{66F5599A-199B-47B2-AFA6-37E279DCEF9A}"
EndProject
Global
	GlobalSection(SolutionConfigurationPlatforms) = preSolution
		Debug|x64 = Debug|x64
		Debug|x86 = Debug|x86
		Release|x64 = Release|x64
		Release|x86 = Release|x86
	EndGlobalSection
	GlobalSection(ProjectConfigurationPlatforms) = postSolution
		{66F5599A-199B-47B2-AFA6-37E279DCEF9A}.Debug|x64.ActiveCfg = Debug|x64
		{66F5599A-199B-47B2-AFA6-37E279DCEF9A}.Debug|x64.Build.0 = Debug|x64
		{66F5599A-199B-47B2-AFA6-37E279DCEF9A}.Debug|x86.ActiveCfg = Debug|Win32
		{66F5599A-199B-47B2-AFA6-37E279DCEF9A}.Debug|x86.Build.0 = Debug|Win32
		{66F5599A-199B-47B2-AFA6-37E279DCEF9A}.Release|x64.ActiveCfg = Release|x64
		{66F5599A-199B-47B2-AFA6-37E279DCEF9A}.Release|x64.Build.0 = Release|x64
		{66F5599A-199B-47B2-AFA6-37E279DCEF9A}.Release|x86.ActiveCfg = Release|Win32
		{66F5599A-199B-47B2-AFA6-37E279DCEF9A}.Release|x86.Build.0 = Release|Win32
	EndGlobalSection
	GlobalSection(SolutionProperties) = preSolution
		HideSolutionNode = FALSE
	EndGlobalSection
	GlobalSection(ExtensibilityGlobals) = postSolution
		SolutionGuid = {5919DE13-BAF4-44C4-834E-057B9F156A41}
	EndGlobalSection
EndGlobal
